
Microsoft Visual Studio Solution File, Format Version 12.00
# Visual Studio Version 17
VisualStudioVersion = 17.2.32505.173
MinimumVisualStudioVersion = 10.0.40219.1
Project("{9A19103F-16F7-4668-BE54-9A1E7A4F7556}") = "RPG", "ConsoleApp\RPG.csproj", "{C57405A2-4F54-4567-9C6F-4ECAE04ED337}"
EndProject
Project("{9A19103F-16F7-4668-BE54-9A1E7A4F7556}") = "BaiTap", "BaiTap\BaiTap.csproj", "{EC24A8FE-A44D-4EF3-A36B-24A8D176B431}"
EndProject
Global
	GlobalSection(SolutionConfigurationPlatforms) = preSolution
		Debug|Any CPU = Debug|Any CPU
		Release|Any CPU = Release|Any CPU
	EndGlobalSection
	GlobalSection(ProjectConfigurationPlatforms) = postSolution
		{C57405A2-4F54-4567-9C6F-4ECAE04ED337}.Debug|Any CPU.ActiveCfg = Debug|Any CPU
		{C57405A2-4F54-4567-9C6F-4ECAE04ED337}.Debug|Any CPU.Build.0 = Debug|Any CPU
		{C57405A2-4F54-4567-9C6F-4ECAE04ED337}.Release|Any CPU.ActiveCfg = Release|Any CPU
		{C57405A2-4F54-4567-9C6F-4ECAE04ED337}.Release|Any CPU.Build.0 = Release|Any CPU
		{EC24A8FE-A44D-4EF3-A36B-24A8D176B431}.Debug|Any CPU.ActiveCfg = Debug|Any CPU
		{EC24A8FE-A44D-4EF3-A36B-24A8D176B431}.Debug|Any CPU.Build.0 = Debug|Any CPU
		{EC24A8FE-A44D-4EF3-A36B-24A8D176B431}.Release|Any CPU.ActiveCfg = Release|Any CPU
		{EC24A8FE-A44D-4EF3-A36B-24A8D176B431}.Release|Any CPU.Build.0 = Release|Any CPU
	EndGlobalSection
	GlobalSection(SolutionProperties) = preSolution
		HideSolutionNode = FALSE
	EndGlobalSection
	GlobalSection(ExtensibilityGlobals) = postSolution
		SolutionGuid = {95E83BC2-C236-4D45-BBF6-3FF7442D39D4}
	EndGlobalSection
EndGlobal
